// !$*UTF8*$!
{
	archiveVersion = 1;
	classes = {
	};
	objectVersion = 46;
	objects = {

/* Begin PBXBuildFile section */
		FA06D14C16AFC0AA00C46291 /* STPaymentView.m in Sources */ = {isa = PBXBuildFile; fileRef = FA06D14B16AFC0AA00C46291 /* STPaymentView.m */; };
		FA2A74A016BB1EDD00AF0078 /* STCard.m in Sources */ = {isa = PBXBuildFile; fileRef = FA2A749F16BB1EDD00AF0078 /* STCard.m */; };
		FA2A74A416BB21AB00AF0078 /* CustomViewController.m in Sources */ = {isa = PBXBuildFile; fileRef = FA2A74A216BB21AB00AF0078 /* CustomViewController.m */; };
		FA2A74A516BB21AB00AF0078 /* CustomViewController.xib in Resources */ = {isa = PBXBuildFile; fileRef = FA2A74A316BB21AB00AF0078 /* CustomViewController.xib */; };
		FA2A74B616BB2F4B00AF0078 /* amex.png in Resources */ = {isa = PBXBuildFile; fileRef = FA2A74A816BB2F4B00AF0078 /* amex.png */; };
		FA2A74B716BB2F4B00AF0078 /* amex@2x.png in Resources */ = {isa = PBXBuildFile; fileRef = FA2A74A916BB2F4B00AF0078 /* amex@2x.png */; };
		FA2A74B816BB2F4B00AF0078 /* diners.png in Resources */ = {isa = PBXBuildFile; fileRef = FA2A74AA16BB2F4B00AF0078 /* diners.png */; };
		FA2A74B916BB2F4B00AF0078 /* diners@2x.png in Resources */ = {isa = PBXBuildFile; fileRef = FA2A74AB16BB2F4B00AF0078 /* diners@2x.png */; };
		FA2A74BA16BB2F4B00AF0078 /* discover.png in Resources */ = {isa = PBXBuildFile; fileRef = FA2A74AC16BB2F4B00AF0078 /* discover.png */; };
		FA2A74BB16BB2F4B00AF0078 /* discover@2x.png in Resources */ = {isa = PBXBuildFile; fileRef = FA2A74AD16BB2F4B00AF0078 /* discover@2x.png */; };
		FA2A74BC16BB2F4B00AF0078 /* jcb.png in Resources */ = {isa = PBXBuildFile; fileRef = FA2A74AE16BB2F4B00AF0078 /* jcb.png */; };
		FA2A74BD16BB2F4B00AF0078 /* jcb@2x.png in Resources */ = {isa = PBXBuildFile; fileRef = FA2A74AF16BB2F4B00AF0078 /* jcb@2x.png */; };
		FA2A74BE16BB2F4B00AF0078 /* mastercard.png in Resources */ = {isa = PBXBuildFile; fileRef = FA2A74B016BB2F4B00AF0078 /* mastercard.png */; };
		FA2A74BF16BB2F4B00AF0078 /* mastercard@2x.png in Resources */ = {isa = PBXBuildFile; fileRef = FA2A74B116BB2F4B00AF0078 /* mastercard@2x.png */; };
		FA2A74C016BB2F4B00AF0078 /* placeholder.png in Resources */ = {isa = PBXBuildFile; fileRef = FA2A74B216BB2F4B00AF0078 /* placeholder.png */; };
		FA2A74C116BB2F4B00AF0078 /* placeholder@2x.png in Resources */ = {isa = PBXBuildFile; fileRef = FA2A74B316BB2F4B00AF0078 /* placeholder@2x.png */; };
		FA2A74C216BB2F4B00AF0078 /* visa.png in Resources */ = {isa = PBXBuildFile; fileRef = FA2A74B416BB2F4B00AF0078 /* visa.png */; };
		FA2A74C316BB2F4B00AF0078 /* visa@2x.png in Resources */ = {isa = PBXBuildFile; fileRef = FA2A74B516BB2F4B00AF0078 /* visa@2x.png */; };
		FA45AC7116AE350D0003A41D /* UIKit.framework in Frameworks */ = {isa = PBXBuildFile; fileRef = FA45AC7016AE350D0003A41D /* UIKit.framework */; };
		FA45AC7316AE350D0003A41D /* Foundation.framework in Frameworks */ = {isa = PBXBuildFile; fileRef = FA45AC7216AE350D0003A41D /* Foundation.framework */; };
		FA45AC7516AE350D0003A41D /* CoreGraphics.framework in Frameworks */ = {isa = PBXBuildFile; fileRef = FA45AC7416AE350D0003A41D /* CoreGraphics.framework */; };
		FA45AC7B16AE350D0003A41D /* InfoPlist.strings in Resources */ = {isa = PBXBuildFile; fileRef = FA45AC7916AE350D0003A41D /* InfoPlist.strings */; };
		FA45AC7D16AE350D0003A41D /* main.m in Sources */ = {isa = PBXBuildFile; fileRef = FA45AC7C16AE350D0003A41D /* main.m */; };
		FA45AC8116AE350D0003A41D /* AppDelegate.m in Sources */ = {isa = PBXBuildFile; fileRef = FA45AC8016AE350D0003A41D /* AppDelegate.m */; };
		FA45AC8316AE350D0003A41D /* Default.png in Resources */ = {isa = PBXBuildFile; fileRef = FA45AC8216AE350D0003A41D /* Default.png */; };
		FA45AC8516AE350D0003A41D /* Default@2x.png in Resources */ = {isa = PBXBuildFile; fileRef = FA45AC8416AE350D0003A41D /* Default@2x.png */; };
		FA45AC8716AE350E0003A41D /* Default-568h@2x.png in Resources */ = {isa = PBXBuildFile; fileRef = FA45AC8616AE350E0003A41D /* Default-568h@2x.png */; };
		FA45AC8A16AE350E0003A41D /* ViewController.m in Sources */ = {isa = PBXBuildFile; fileRef = FA45AC8916AE350E0003A41D /* ViewController.m */; };
		FA45AC8D16AE350E0003A41D /* ViewController.xib in Resources */ = {isa = PBXBuildFile; fileRef = FA45AC8B16AE350E0003A41D /* ViewController.xib */; };
		FA45AC9916AE35210003A41D /* NSString+STPayment.m in Sources */ = {isa = PBXBuildFile; fileRef = FA45AC9816AE35210003A41D /* NSString+STPayment.m */; };
		FA45ACA416AF1EE80003A41D /* STCardNumber.m in Sources */ = {isa = PBXBuildFile; fileRef = FA45ACA316AF1EE80003A41D /* STCardNumber.m */; };
		FA45ACA716AF33750003A41D /* STCardCVC.m in Sources */ = {isa = PBXBuildFile; fileRef = FA45ACA616AF33750003A41D /* STCardCVC.m */; };
		FA45ACAC16AF37420003A41D /* STCardExpiry.m in Sources */ = {isa = PBXBuildFile; fileRef = FA45ACAB16AF37420003A41D /* STCardExpiry.m */; };
		FA45ACAF16AF38BB0003A41D /* STCardNumberDelegate.m in Sources */ = {isa = PBXBuildFile; fileRef = FA45ACAE16AF38BA0003A41D /* STCardNumberDelegate.m */; };
		FA45ACB216AF3B250003A41D /* STCardCVCDelegate.m in Sources */ = {isa = PBXBuildFile; fileRef = FA45ACB116AF3B250003A41D /* STCardCVCDelegate.m */; };
		FA45ACB516AF3CA40003A41D /* STCardExpiryDelegate.m in Sources */ = {isa = PBXBuildFile; fileRef = FA45ACB416AF3CA40003A41D /* STCardExpiryDelegate.m */; };
/* End PBXBuildFile section */

/* Begin PBXFileReference section */
		FA06D14A16AFC0AA00C46291 /* STPaymentView.h */ = {isa = PBXFileReference; fileEncoding = 4; lastKnownFileType = sourcecode.c.h; path = STPaymentView.h; sourceTree = "<group>"; };
		FA06D14B16AFC0AA00C46291 /* STPaymentView.m */ = {isa = PBXFileReference; fileEncoding = 4; lastKnownFileType = sourcecode.c.objc; path = STPaymentView.m; sourceTree = "<group>"; };
		FA2A749E16BB1EDD00AF0078 /* STCard.h */ = {isa = PBXFileReference; fileEncoding = 4; lastKnownFileType = sourcecode.c.h; path = STCard.h; sourceTree = "<group>"; };
		FA2A749F16BB1EDD00AF0078 /* STCard.m */ = {isa = PBXFileReference; fileEncoding = 4; lastKnownFileType = sourcecode.c.objc; path = STCard.m; sourceTree = "<group>"; };
		FA2A74A116BB21AB00AF0078 /* CustomViewController.h */ = {isa = PBXFileReference; fileEncoding = 4; lastKnownFileType = sourcecode.c.h; path = CustomViewController.h; sourceTree = "<group>"; };
		FA2A74A216BB21AB00AF0078 /* CustomViewController.m */ = {isa = PBXFileReference; fileEncoding = 4; lastKnownFileType = sourcecode.c.objc; path = CustomViewController.m; sourceTree = "<group>"; };
		FA2A74A316BB21AB00AF0078 /* CustomViewController.xib */ = {isa = PBXFileReference; fileEncoding = 4; lastKnownFileType = file.xib; path = CustomViewController.xib; sourceTree = "<group>"; };
		FA2A74A816BB2F4B00AF0078 /* amex.png */ = {isa = PBXFileReference; lastKnownFileType = image.png; path = amex.png; sourceTree = "<group>"; };
		FA2A74A916BB2F4B00AF0078 /* amex@2x.png */ = {isa = PBXFileReference; lastKnownFileType = image.png; path = "amex@2x.png"; sourceTree = "<group>"; };
		FA2A74AA16BB2F4B00AF0078 /* diners.png */ = {isa = PBXFileReference; lastKnownFileType = image.png; path = diners.png; sourceTree = "<group>"; };
		FA2A74AB16BB2F4B00AF0078 /* diners@2x.png */ = {isa = PBXFileReference; lastKnownFileType = image.png; path = "diners@2x.png"; sourceTree = "<group>"; };
		FA2A74AC16BB2F4B00AF0078 /* discover.png */ = {isa = PBXFileReference; lastKnownFileType = image.png; path = discover.png; sourceTree = "<group>"; };
		FA2A74AD16BB2F4B00AF0078 /* discover@2x.png */ = {isa = PBXFileReference; lastKnownFileType = image.png; path = "discover@2x.png"; sourceTree = "<group>"; };
		FA2A74AE16BB2F4B00AF0078 /* jcb.png */ = {isa = PBXFileReference; lastKnownFileType = image.png; path = jcb.png; sourceTree = "<group>"; };
		FA2A74AF16BB2F4B00AF0078 /* jcb@2x.png */ = {isa = PBXFileReference; lastKnownFileType = image.png; path = "jcb@2x.png"; sourceTree = "<group>"; };
		FA2A74B016BB2F4B00AF0078 /* mastercard.png */ = {isa = PBXFileReference; lastKnownFileType = image.png; path = mastercard.png; sourceTree = "<group>"; };
		FA2A74B116BB2F4B00AF0078 /* mastercard@2x.png */ = {isa = PBXFileReference; lastKnownFileType = image.png; path = "mastercard@2x.png"; sourceTree = "<group>"; };
		FA2A74B216BB2F4B00AF0078 /* placeholder.png */ = {isa = PBXFileReference; lastKnownFileType = image.png; path = placeholder.png; sourceTree = "<group>"; };
		FA2A74B316BB2F4B00AF0078 /* placeholder@2x.png */ = {isa = PBXFileReference; lastKnownFileType = image.png; path = "placeholder@2x.png"; sourceTree = "<group>"; };
		FA2A74B416BB2F4B00AF0078 /* visa.png */ = {isa = PBXFileReference; lastKnownFileType = image.png; path = visa.png; sourceTree = "<group>"; };
		FA2A74B516BB2F4B00AF0078 /* visa@2x.png */ = {isa = PBXFileReference; lastKnownFileType = image.png; path = "visa@2x.png"; sourceTree = "<group>"; };
		FA45AC6C16AE350D0003A41D /* STPayment Example.app */ = {isa = PBXFileReference; explicitFileType = wrapper.application; includeInIndex = 0; path = "STPayment Example.app"; sourceTree = BUILT_PRODUCTS_DIR; };
		FA45AC7016AE350D0003A41D /* UIKit.framework */ = {isa = PBXFileReference; lastKnownFileType = wrapper.framework; name = UIKit.framework; path = System/Library/Frameworks/UIKit.framework; sourceTree = SDKROOT; };
		FA45AC7216AE350D0003A41D /* Foundation.framework */ = {isa = PBXFileReference; lastKnownFileType = wrapper.framework; name = Foundation.framework; path = System/Library/Frameworks/Foundation.framework; sourceTree = SDKROOT; };
		FA45AC7416AE350D0003A41D /* CoreGraphics.framework */ = {isa = PBXFileReference; lastKnownFileType = wrapper.framework; name = CoreGraphics.framework; path = System/Library/Frameworks/CoreGraphics.framework; sourceTree = SDKROOT; };
		FA45AC7816AE350D0003A41D /* STPayment Example-Info.plist */ = {isa = PBXFileReference; lastKnownFileType = text.plist.xml; path = "STPayment Example-Info.plist"; sourceTree = "<group>"; };
		FA45AC7A16AE350D0003A41D /* en */ = {isa = PBXFileReference; lastKnownFileType = text.plist.strings; name = en; path = en.lproj/InfoPlist.strings; sourceTree = "<group>"; };
		FA45AC7C16AE350D0003A41D /* main.m */ = {isa = PBXFileReference; lastKnownFileType = sourcecode.c.objc; path = main.m; sourceTree = "<group>"; };
		FA45AC7E16AE350D0003A41D /* STPayment Example-Prefix.pch */ = {isa = PBXFileReference; lastKnownFileType = sourcecode.c.h; path = "STPayment Example-Prefix.pch"; sourceTree = "<group>"; };
		FA45AC7F16AE350D0003A41D /* AppDelegate.h */ = {isa = PBXFileReference; lastKnownFileType = sourcecode.c.h; path = AppDelegate.h; sourceTree = "<group>"; };
		FA45AC8016AE350D0003A41D /* AppDelegate.m */ = {isa = PBXFileReference; lastKnownFileType = sourcecode.c.objc; path = AppDelegate.m; sourceTree = "<group>"; };
		FA45AC8216AE350D0003A41D /* Default.png */ = {isa = PBXFileReference; lastKnownFileType = image.png; path = Default.png; sourceTree = "<group>"; };
		FA45AC8416AE350D0003A41D /* Default@2x.png */ = {isa = PBXFileReference; lastKnownFileType = image.png; path = "Default@2x.png"; sourceTree = "<group>"; };
		FA45AC8616AE350E0003A41D /* Default-568h@2x.png */ = {isa = PBXFileReference; lastKnownFileType = image.png; path = "Default-568h@2x.png"; sourceTree = "<group>"; };
		FA45AC8816AE350E0003A41D /* ViewController.h */ = {isa = PBXFileReference; lastKnownFileType = sourcecode.c.h; path = ViewController.h; sourceTree = "<group>"; };
		FA45AC8916AE350E0003A41D /* ViewController.m */ = {isa = PBXFileReference; lastKnownFileType = sourcecode.c.objc; path = ViewController.m; sourceTree = "<group>"; };
		FA45AC8C16AE350E0003A41D /* en */ = {isa = PBXFileReference; lastKnownFileType = file.xib; name = en; path = en.lproj/ViewController.xib; sourceTree = "<group>"; };
		FA45AC9716AE35210003A41D /* NSString+STPayment.h */ = {isa = PBXFileReference; fileEncoding = 4; lastKnownFileType = sourcecode.c.h; path = "NSString+STPayment.h"; sourceTree = "<group>"; };
		FA45AC9816AE35210003A41D /* NSString+STPayment.m */ = {isa = PBXFileReference; fileEncoding = 4; lastKnownFileType = sourcecode.c.objc; path = "NSString+STPayment.m"; sourceTree = "<group>"; };
		FA45ACA216AF1EE80003A41D /* STCardNumber.h */ = {isa = PBXFileReference; fileEncoding = 4; lastKnownFileType = sourcecode.c.h; path = STCardNumber.h; sourceTree = "<group>"; };
		FA45ACA316AF1EE80003A41D /* STCardNumber.m */ = {isa = PBXFileReference; fileEncoding = 4; lastKnownFileType = sourcecode.c.objc; path = STCardNumber.m; sourceTree = "<group>"; };
		FA45ACA516AF33750003A41D /* STCardCVC.h */ = {isa = PBXFileReference; fileEncoding = 4; lastKnownFileType = sourcecode.c.h; path = STCardCVC.h; sourceTree = "<group>"; };
		FA45ACA616AF33750003A41D /* STCardCVC.m */ = {isa = PBXFileReference; fileEncoding = 4; lastKnownFileType = sourcecode.c.objc; path = STCardCVC.m; sourceTree = "<group>"; };
		FA45ACA916AF367B0003A41D /* STCardType.h */ = {isa = PBXFileReference; lastKnownFileType = sourcecode.c.h; path = STCardType.h; sourceTree = "<group>"; };
		FA45ACAA16AF37420003A41D /* STCardExpiry.h */ = {isa = PBXFileReference; fileEncoding = 4; lastKnownFileType = sourcecode.c.h; path = STCardExpiry.h; sourceTree = "<group>"; };
		FA45ACAB16AF37420003A41D /* STCardExpiry.m */ = {isa = PBXFileReference; fileEncoding = 4; lastKnownFileType = sourcecode.c.objc; path = STCardExpiry.m; sourceTree = "<group>"; };
		FA45ACAD16AF38BA0003A41D /* STCardNumberDelegate.h */ = {isa = PBXFileReference; fileEncoding = 4; lastKnownFileType = sourcecode.c.h; path = STCardNumberDelegate.h; sourceTree = "<group>"; };
		FA45ACAE16AF38BA0003A41D /* STCardNumberDelegate.m */ = {isa = PBXFileReference; fileEncoding = 4; lastKnownFileType = sourcecode.c.objc; path = STCardNumberDelegate.m; sourceTree = "<group>"; };
		FA45ACB016AF3B250003A41D /* STCardCVCDelegate.h */ = {isa = PBXFileReference; fileEncoding = 4; lastKnownFileType = sourcecode.c.h; path = STCardCVCDelegate.h; sourceTree = "<group>"; };
		FA45ACB116AF3B250003A41D /* STCardCVCDelegate.m */ = {isa = PBXFileReference; fileEncoding = 4; lastKnownFileType = sourcecode.c.objc; path = STCardCVCDelegate.m; sourceTree = "<group>"; };
		FA45ACB316AF3CA40003A41D /* STCardExpiryDelegate.h */ = {isa = PBXFileReference; fileEncoding = 4; lastKnownFileType = sourcecode.c.h; path = STCardExpiryDelegate.h; sourceTree = "<group>"; };
		FA45ACB416AF3CA40003A41D /* STCardExpiryDelegate.m */ = {isa = PBXFileReference; fileEncoding = 4; lastKnownFileType = sourcecode.c.objc; path = STCardExpiryDelegate.m; sourceTree = "<group>"; };
/* End PBXFileReference section */

/* Begin PBXFrameworksBuildPhase section */
		FA45AC6916AE350D0003A41D /* Frameworks */ = {
			isa = PBXFrameworksBuildPhase;
			buildActionMask = 2147483647;
			files = (
				FA45AC7116AE350D0003A41D /* UIKit.framework in Frameworks */,
				FA45AC7316AE350D0003A41D /* Foundation.framework in Frameworks */,
				FA45AC7516AE350D0003A41D /* CoreGraphics.framework in Frameworks */,
			);
			runOnlyForDeploymentPostprocessing = 0;
		};
/* End PBXFrameworksBuildPhase section */

/* Begin PBXGroup section */
		FA2A74A616BB2F4B00AF0078 /* Assets */ = {
			isa = PBXGroup;
			children = (
				FA2A74A716BB2F4B00AF0078 /* Cards */,
			);
			path = Assets;
			sourceTree = "<group>";
		};
		FA2A74A716BB2F4B00AF0078 /* Cards */ = {
			isa = PBXGroup;
			children = (
				FA2A74A816BB2F4B00AF0078 /* amex.png */,
				FA2A74A916BB2F4B00AF0078 /* amex@2x.png */,
				FA2A74AA16BB2F4B00AF0078 /* diners.png */,
				FA2A74AB16BB2F4B00AF0078 /* diners@2x.png */,
				FA2A74AC16BB2F4B00AF0078 /* discover.png */,
				FA2A74AD16BB2F4B00AF0078 /* discover@2x.png */,
				FA2A74AE16BB2F4B00AF0078 /* jcb.png */,
				FA2A74AF16BB2F4B00AF0078 /* jcb@2x.png */,
				FA2A74B016BB2F4B00AF0078 /* mastercard.png */,
				FA2A74B116BB2F4B00AF0078 /* mastercard@2x.png */,
				FA2A74B216BB2F4B00AF0078 /* placeholder.png */,
				FA2A74B316BB2F4B00AF0078 /* placeholder@2x.png */,
				FA2A74B416BB2F4B00AF0078 /* visa.png */,
				FA2A74B516BB2F4B00AF0078 /* visa@2x.png */,
			);
			path = Cards;
			sourceTree = "<group>";
		};
		FA45AC6116AE350D0003A41D = {
			isa = PBXGroup;
			children = (
				FA45AC9616AE35210003A41D /* STPayment */,
				FA45AC7616AE350D0003A41D /* STPayment Example */,
				FA45AC6F16AE350D0003A41D /* Frameworks */,
				FA45AC6D16AE350D0003A41D /* Products */,
			);
			sourceTree = "<group>";
		};
		FA45AC6D16AE350D0003A41D /* Products */ = {
			isa = PBXGroup;
			children = (
				FA45AC6C16AE350D0003A41D /* STPayment Example.app */,
			);
			name = Products;
			sourceTree = "<group>";
		};
		FA45AC6F16AE350D0003A41D /* Frameworks */ = {
			isa = PBXGroup;
			children = (
				FA45AC7016AE350D0003A41D /* UIKit.framework */,
				FA45AC7216AE350D0003A41D /* Foundation.framework */,
				FA45AC7416AE350D0003A41D /* CoreGraphics.framework */,
			);
			name = Frameworks;
			sourceTree = "<group>";
		};
		FA45AC7616AE350D0003A41D /* STPayment Example */ = {
			isa = PBXGroup;
			children = (
				FA45AC7F16AE350D0003A41D /* AppDelegate.h */,
				FA45AC8016AE350D0003A41D /* AppDelegate.m */,
				FA45AC8816AE350E0003A41D /* ViewController.h */,
				FA45AC8916AE350E0003A41D /* ViewController.m */,
				FA45AC8B16AE350E0003A41D /* ViewController.xib */,
				FA45AC7716AE350D0003A41D /* Supporting Files */,
				FA2A74A116BB21AB00AF0078 /* CustomViewController.h */,
				FA2A74A216BB21AB00AF0078 /* CustomViewController.m */,
				FA2A74A316BB21AB00AF0078 /* CustomViewController.xib */,
			);
			path = "STPayment Example";
			sourceTree = "<group>";
		};
		FA45AC7716AE350D0003A41D /* Supporting Files */ = {
			isa = PBXGroup;
			children = (
				FA45AC7816AE350D0003A41D /* STPayment Example-Info.plist */,
				FA45AC7916AE350D0003A41D /* InfoPlist.strings */,
				FA45AC7C16AE350D0003A41D /* main.m */,
				FA45AC7E16AE350D0003A41D /* STPayment Example-Prefix.pch */,
				FA45AC8216AE350D0003A41D /* Default.png */,
				FA45AC8416AE350D0003A41D /* Default@2x.png */,
				FA45AC8616AE350E0003A41D /* Default-568h@2x.png */,
			);
			name = "Supporting Files";
			sourceTree = "<group>";
		};
		FA45AC9616AE35210003A41D /* STPayment */ = {
			isa = PBXGroup;
			children = (
				FA2A74A616BB2F4B00AF0078 /* Assets */,
				FA45AC9716AE35210003A41D /* NSString+STPayment.h */,
				FA45AC9816AE35210003A41D /* NSString+STPayment.m */,
				FA45ACA216AF1EE80003A41D /* STCardNumber.h */,
				FA45ACA316AF1EE80003A41D /* STCardNumber.m */,
				FA45ACA516AF33750003A41D /* STCardCVC.h */,
				FA45ACA616AF33750003A41D /* STCardCVC.m */,
				FA45ACA916AF367B0003A41D /* STCardType.h */,
				FA45ACAA16AF37420003A41D /* STCardExpiry.h */,
				FA45ACAB16AF37420003A41D /* STCardExpiry.m */,
				FA45ACAD16AF38BA0003A41D /* STCardNumberDelegate.h */,
				FA45ACAE16AF38BA0003A41D /* STCardNumberDelegate.m */,
				FA45ACB016AF3B250003A41D /* STCardCVCDelegate.h */,
				FA45ACB116AF3B250003A41D /* STCardCVCDelegate.m */,
				FA45ACB316AF3CA40003A41D /* STCardExpiryDelegate.h */,
				FA45ACB416AF3CA40003A41D /* STCardExpiryDelegate.m */,
				FA06D14A16AFC0AA00C46291 /* STPaymentView.h */,
				FA06D14B16AFC0AA00C46291 /* STPaymentView.m */,
				FA2A749E16BB1EDD00AF0078 /* STCard.h */,
				FA2A749F16BB1EDD00AF0078 /* STCard.m */,
			);
			name = STPayment;
			path = ../STPayment;
			sourceTree = "<group>";
		};
/* End PBXGroup section */

/* Begin PBXNativeTarget section */
		FA45AC6B16AE350D0003A41D /* STPayment Example */ = {
			isa = PBXNativeTarget;
			buildConfigurationList = FA45AC9316AE350E0003A41D /* Build configuration list for PBXNativeTarget "STPayment Example" */;
			buildPhases = (
				FA45AC6816AE350D0003A41D /* Sources */,
				FA45AC6916AE350D0003A41D /* Frameworks */,
				FA45AC6A16AE350D0003A41D /* Resources */,
			);
			buildRules = (
			);
			dependencies = (
			);
			name = "STPayment Example";
			productName = "STPayment Example";
			productReference = FA45AC6C16AE350D0003A41D /* STPayment Example.app */;
			productType = "com.apple.product-type.application";
		};
/* End PBXNativeTarget section */

/* Begin PBXProject section */
		FA45AC6316AE350D0003A41D /* Project object */ = {
			isa = PBXProject;
			attributes = {
				LastUpgradeCheck = 0450;
				ORGANIZATIONNAME = Stripe;
			};
			buildConfigurationList = FA45AC6616AE350D0003A41D /* Build configuration list for PBXProject "STPayment Example" */;
			compatibilityVersion = "Xcode 3.2";
			developmentRegion = English;
			hasScannedForEncodings = 0;
			knownRegions = (
				en,
			);
			mainGroup = FA45AC6116AE350D0003A41D;
			productRefGroup = FA45AC6D16AE350D0003A41D /* Products */;
			projectDirPath = "";
			projectRoot = "";
			targets = (
				FA45AC6B16AE350D0003A41D /* STPayment Example */,
			);
		};
/* End PBXProject section */

/* Begin PBXResourcesBuildPhase section */
		FA45AC6A16AE350D0003A41D /* Resources */ = {
			isa = PBXResourcesBuildPhase;
			buildActionMask = 2147483647;
			files = (
				FA45AC7B16AE350D0003A41D /* InfoPlist.strings in Resources */,
				FA45AC8316AE350D0003A41D /* Default.png in Resources */,
				FA45AC8516AE350D0003A41D /* Default@2x.png in Resources */,
				FA45AC8716AE350E0003A41D /* Default-568h@2x.png in Resources */,
				FA45AC8D16AE350E0003A41D /* ViewController.xib in Resources */,
				FA2A74A516BB21AB00AF0078 /* CustomViewController.xib in Resources */,
				FA2A74B616BB2F4B00AF0078 /* amex.png in Resources */,
				FA2A74B716BB2F4B00AF0078 /* amex@2x.png in Resources */,
				FA2A74B816BB2F4B00AF0078 /* diners.png in Resources */,
				FA2A74B916BB2F4B00AF0078 /* diners@2x.png in Resources */,
				FA2A74BA16BB2F4B00AF0078 /* discover.png in Resources */,
				FA2A74BB16BB2F4B00AF0078 /* discover@2x.png in Resources */,
				FA2A74BC16BB2F4B00AF0078 /* jcb.png in Resources */,
				FA2A74BD16BB2F4B00AF0078 /* jcb@2x.png in Resources */,
				FA2A74BE16BB2F4B00AF0078 /* mastercard.png in Resources */,
				FA2A74BF16BB2F4B00AF0078 /* mastercard@2x.png in Resources */,
				FA2A74C016BB2F4B00AF0078 /* placeholder.png in Resources */,
				FA2A74C116BB2F4B00AF0078 /* placeholder@2x.png in Resources */,
				FA2A74C216BB2F4B00AF0078 /* visa.png in Resources */,
				FA2A74C316BB2F4B00AF0078 /* visa@2x.png in Resources */,
			);
			runOnlyForDeploymentPostprocessing = 0;
		};
/* End PBXResourcesBuildPhase section */

/* Begin PBXSourcesBuildPhase section */
		FA45AC6816AE350D0003A41D /* Sources */ = {
			isa = PBXSourcesBuildPhase;
			buildActionMask = 2147483647;
			files = (
				FA45AC7D16AE350D0003A41D /* main.m in Sources */,
				FA45AC8116AE350D0003A41D /* AppDelegate.m in Sources */,
				FA45AC8A16AE350E0003A41D /* ViewController.m in Sources */,
				FA45AC9916AE35210003A41D /* NSString+STPayment.m in Sources */,
				FA45ACA416AF1EE80003A41D /* STCardNumber.m in Sources */,
				FA45ACA716AF33750003A41D /* STCardCVC.m in Sources */,
				FA45ACAC16AF37420003A41D /* STCardExpiry.m in Sources */,
				FA45ACAF16AF38BB0003A41D /* STCardNumberDelegate.m in Sources */,
				FA45ACB216AF3B250003A41D /* STCardCVCDelegate.m in Sources */,
				FA45ACB516AF3CA40003A41D /* STCardExpiryDelegate.m in Sources */,
				FA06D14C16AFC0AA00C46291 /* STPaymentView.m in Sources */,
				FA2A74A016BB1EDD00AF0078 /* STCard.m in Sources */,
				FA2A74A416BB21AB00AF0078 /* CustomViewController.m in Sources */,
			);
			runOnlyForDeploymentPostprocessing = 0;
		};
/* End PBXSourcesBuildPhase section */

/* Begin PBXVariantGroup section */
		FA45AC7916AE350D0003A41D /* InfoPlist.strings */ = {
			isa = PBXVariantGroup;
			children = (
				FA45AC7A16AE350D0003A41D /* en */,
			);
			name = InfoPlist.strings;
			sourceTree = "<group>";
		};
		FA45AC8B16AE350E0003A41D /* ViewController.xib */ = {
			isa = PBXVariantGroup;
			children = (
				FA45AC8C16AE350E0003A41D /* en */,
			);
			name = ViewController.xib;
			sourceTree = "<group>";
		};
/* End PBXVariantGroup section */

/* Begin XCBuildConfiguration section */
		FA45AC9116AE350E0003A41D /* Debug */ = {
			isa = XCBuildConfiguration;
			buildSettings = {
				ALWAYS_SEARCH_USER_PATHS = NO;
				CLANG_CXX_LANGUAGE_STANDARD = "gnu++0x";
				CLANG_CXX_LIBRARY = "libc++";
				CLANG_ENABLE_OBJC_ARC = YES;
				CLANG_WARN_EMPTY_BODY = YES;
				CLANG_WARN__DUPLICATE_METHOD_MATCH = YES;
				"CODE_SIGN_IDENTITY[sdk=iphoneos*]" = "iPhone Developer";
				COPY_PHASE_STRIP = NO;
				GCC_C_LANGUAGE_STANDARD = gnu99;
				GCC_DYNAMIC_NO_PIC = NO;
				GCC_OPTIMIZATION_LEVEL = 0;
				GCC_PREPROCESSOR_DEFINITIONS = (
					"DEBUG=1",
					"$(inherited)",
				);
				GCC_SYMBOLS_PRIVATE_EXTERN = NO;
				GCC_WARN_ABOUT_RETURN_TYPE = YES;
				GCC_WARN_UNINITIALIZED_AUTOS = YES;
				GCC_WARN_UNUSED_VARIABLE = YES;
				IPHONEOS_DEPLOYMENT_TARGET = 6.0;
				ONLY_ACTIVE_ARCH = YES;
				SDKROOT = iphoneos;
				TARGETED_DEVICE_FAMILY = "1,2";
			};
			name = Debug;
		};
		FA45AC9216AE350E0003A41D /* Release */ = {
			isa = XCBuildConfiguration;
			buildSettings = {
				ALWAYS_SEARCH_USER_PATHS = NO;
				CLANG_CXX_LANGUAGE_STANDARD = "gnu++0x";
				CLANG_CXX_LIBRARY = "libc++";
				CLANG_ENABLE_OBJC_ARC = YES;
				CLANG_WARN_EMPTY_BODY = YES;
				CLANG_WARN__DUPLICATE_METHOD_MATCH = YES;
				"CODE_SIGN_IDENTITY[sdk=iphoneos*]" = "iPhone Developer";
				COPY_PHASE_STRIP = YES;
				GCC_C_LANGUAGE_STANDARD = gnu99;
				GCC_WARN_ABOUT_RETURN_TYPE = YES;
				GCC_WARN_UNINITIALIZED_AUTOS = YES;
				GCC_WARN_UNUSED_VARIABLE = YES;
				IPHONEOS_DEPLOYMENT_TARGET = 6.0;
				OTHER_CFLAGS = "-DNS_BLOCK_ASSERTIONS=1";
				SDKROOT = iphoneos;
				TARGETED_DEVICE_FAMILY = "1,2";
				VALIDATE_PRODUCT = YES;
			};
			name = Release;
		};
		FA45AC9416AE350E0003A41D /* Debug */ = {
			isa = XCBuildConfiguration;
			buildSettings = {
				GCC_PRECOMPILE_PREFIX_HEADER = YES;
				GCC_PREFIX_HEADER = "STPayment Example/STPayment Example-Prefix.pch";
				INFOPLIST_FILE = "STPayment Example/STPayment Example-Info.plist";
				PRODUCT_NAME = "$(TARGET_NAME)";
				TARGETED_DEVICE_FAMILY = 1;
				WRAPPER_EXTENSION = app;
			};
			name = Debug;
		};
		FA45AC9516AE350E0003A41D /* Release */ = {
			isa = XCBuildConfiguration;
			buildSettings = {
				GCC_PRECOMPILE_PREFIX_HEADER = YES;
				GCC_PREFIX_HEADER = "STPayment Example/STPayment Example-Prefix.pch";
				INFOPLIST_FILE = "STPayment Example/STPayment Example-Info.plist";
				PRODUCT_NAME = "$(TARGET_NAME)";
				TARGETED_DEVICE_FAMILY = 1;
				WRAPPER_EXTENSION = app;
			};
			name = Release;
		};
/* End XCBuildConfiguration section */

/* Begin XCConfigurationList section */
		FA45AC6616AE350D0003A41D /* Build configuration list for PBXProject "STPayment Example" */ = {
			isa = XCConfigurationList;
			buildConfigurations = (
				FA45AC9116AE350E0003A41D /* Debug */,
				FA45AC9216AE350E0003A41D /* Release */,
			);
			defaultConfigurationIsVisible = 0;
			defaultConfigurationName = Release;
		};
		FA45AC9316AE350E0003A41D /* Build configuration list for PBXNativeTarget "STPayment Example" */ = {
			isa = XCConfigurationList;
			buildConfigurations = (
				FA45AC9416AE350E0003A41D /* Debug */,
				FA45AC9516AE350E0003A41D /* Release */,
			);
			defaultConfigurationIsVisible = 0;
			defaultConfigurationName = Release;
		};
/* End XCConfigurationList section */
	};
	rootObject = FA45AC6316AE350D0003A41D /* Project object */;
}
